
Microsoft Visual Studio Solution File, Format Version 12.00
# Visual Studio Version 17
VisualStudioVersion = 17.8.34330.188
MinimumVisualStudioVersion = 10.0.40219.1
Project("{FAE04EC0-301F-11D3-BF4B-00C04F79EFBC}") = "SOLID.Example", "SOLID.Example\SOLID.Example.csproj", "{82678863-17B5-4FD8-AC9A-9A3BBB4DDBC3}"
EndProject
Global
	GlobalSection(SolutionConfigurationPlatforms) = preSolution
		Debug|Any CPU = Debug|Any CPU
		Release|Any CPU = Release|Any CPU
	EndGlobalSection
	GlobalSection(ProjectConfigurationPlatforms) = postSolution
		{82678863-17B5-4FD8-AC9A-9A3BBB4DDBC3}.Debug|Any CPU.ActiveCfg = Debug|Any CPU
		{82678863-17B5-4FD8-AC9A-9A3BBB4DDBC3}.Debug|Any CPU.Build.0 = Debug|Any CPU
		{82678863-17B5-4FD8-AC9A-9A3BBB4DDBC3}.Release|Any CPU.ActiveCfg = Release|Any CPU
		{82678863-17B5-4FD8-AC9A-9A3BBB4DDBC3}.Release|Any CPU.Build.0 = Release|Any CPU
	EndGlobalSection
	GlobalSection(SolutionProperties) = preSolution
		HideSolutionNode = FALSE
	EndGlobalSection
	GlobalSection(ExtensibilityGlobals) = postSolution
		SolutionGuid = {76A96271-1F1C-4CC2-9354-C3145AE715F7}
	EndGlobalSection
EndGlobal
